
Microsoft Visual Studio Solution File, Format Version 12.00
# Visual Studio Version 16
VisualStudioVersion = 16.0.29911.98
MinimumVisualStudioVersion = 10.0.40219.1
Project("{9A19103F-16F7-4668-BE54-9A1E7A4F7556}") = "SimpleClient", "SimpleClient.csproj", "{0E6DB1E2-BC95-46BC-8178-D205B00E2607}"
EndProject
Project("{9A19103F-16F7-4668-BE54-9A1E7A4F7556}") = "PiLight.ClientController", "..\ClientController\PiLight.ClientController.csproj", "{2D717259-AD0B-43BD-AAB0-7272682EB1CC}"
EndProject
Project("{9A19103F-16F7-4668-BE54-9A1E7A4F7556}") = "PiLightStreamDeckAction", "..\PiLightStreamDeckAction\PiLightStreamDeckAction.csproj", "{6B98D33F-1715-4BC3-866B-9E7E8A407269}"
EndProject
Global
	GlobalSection(SolutionConfigurationPlatforms) = preSolution
		Debug|Any CPU = Debug|Any CPU
		Release|Any CPU = Release|Any CPU
	EndGlobalSection
	GlobalSection(ProjectConfigurationPlatforms) = postSolution
		{0E6DB1E2-BC95-46BC-8178-D205B00E2607}.Debug|Any CPU.ActiveCfg = Debug|Any CPU
		{0E6DB1E2-BC95-46BC-8178-D205B00E2607}.Debug|Any CPU.Build.0 = Debug|Any CPU
		{0E6DB1E2-BC95-46BC-8178-D205B00E2607}.Release|Any CPU.ActiveCfg = Release|Any CPU
		{0E6DB1E2-BC95-46BC-8178-D205B00E2607}.Release|Any CPU.Build.0 = Release|Any CPU
		{2D717259-AD0B-43BD-AAB0-7272682EB1CC}.Debug|Any CPU.ActiveCfg = Debug|Any CPU
		{2D717259-AD0B-43BD-AAB0-7272682EB1CC}.Debug|Any CPU.Build.0 = Debug|Any CPU
		{2D717259-AD0B-43BD-AAB0-7272682EB1CC}.Release|Any CPU.ActiveCfg = Release|Any CPU
		{2D717259-AD0B-43BD-AAB0-7272682EB1CC}.Release|Any CPU.Build.0 = Release|Any CPU
		{6B98D33F-1715-4BC3-866B-9E7E8A407269}.Debug|Any CPU.ActiveCfg = Debug|Any CPU
		{6B98D33F-1715-4BC3-866B-9E7E8A407269}.Debug|Any CPU.Build.0 = Debug|Any CPU
		{6B98D33F-1715-4BC3-866B-9E7E8A407269}.Release|Any CPU.ActiveCfg = Release|Any CPU
		{6B98D33F-1715-4BC3-866B-9E7E8A407269}.Release|Any CPU.Build.0 = Release|Any CPU
	EndGlobalSection
	GlobalSection(SolutionProperties) = preSolution
		HideSolutionNode = FALSE
	EndGlobalSection
	GlobalSection(ExtensibilityGlobals) = postSolution
		SolutionGuid = {597DA57B-88D9-41B5-94A9-109629E0BD35}
	EndGlobalSection
EndGlobal
